
Microsoft Visual Studio Solution File, Format Version 12.00
# Visual Studio Version 16
VisualStudioVersion = 16.0.31129.286
MinimumVisualStudioVersion = 10.0.40219.1
Project("{F184B08F-C81C-45F6-A57F-5ABD9991F28F}") = "Practico5", "Practico5\Practico5.vbproj", "{A5D64659-E4E3-45F1-82C8-572B13F22872}"
EndProject
Global
	GlobalSection(SolutionConfigurationPlatforms) = preSolution
		Debug|Any CPU = Debug|Any CPU
		Release|Any CPU = Release|Any CPU
	EndGlobalSection
	GlobalSection(ProjectConfigurationPlatforms) = postSolution
		{A5D64659-E4E3-45F1-82C8-572B13F22872}.Debug|Any CPU.ActiveCfg = Debug|Any CPU
		{A5D64659-E4E3-45F1-82C8-572B13F22872}.Debug|Any CPU.Build.0 = Debug|Any CPU
		{A5D64659-E4E3-45F1-82C8-572B13F22872}.Release|Any CPU.ActiveCfg = Release|Any CPU
		{A5D64659-E4E3-45F1-82C8-572B13F22872}.Release|Any CPU.Build.0 = Release|Any CPU
	EndGlobalSection
	GlobalSection(SolutionProperties) = preSolution
		HideSolutionNode = FALSE
	EndGlobalSection
	GlobalSection(ExtensibilityGlobals) = postSolution
		SolutionGuid = {F72AE19C-9F34-4F14-AEC6-33421B038B01}
	EndGlobalSection
EndGlobal
